// !$*UTF8*$!
{
	archiveVersion = 1;
	classes = {
	};
	objectVersion = 46;
	objects = {

/* Begin PBXBuildFile section */
		DD58B3831E6DEB9000EA1C3F /* AppDelegate.swift in Sources */ = {isa = PBXBuildFile; fileRef = DD58B3821E6DEB9000EA1C3F /* AppDelegate.swift */; };
		DD58B3851E6DEB9000EA1C3F /* ViewController.swift in Sources */ = {isa = PBXBuildFile; fileRef = DD58B3841E6DEB9000EA1C3F /* ViewController.swift */; };
		DD58B3881E6DEB9000EA1C3F /* Main.storyboard in Resources */ = {isa = PBXBuildFile; fileRef = DD58B3861E6DEB9000EA1C3F /* Main.storyboard */; };
		DD58B38A1E6DEB9000EA1C3F /* Assets.xcassets in Resources */ = {isa = PBXBuildFile; fileRef = DD58B3891E6DEB9000EA1C3F /* Assets.xcassets */; };
		DD58B38D1E6DEB9000EA1C3F /* LaunchScreen.storyboard in Resources */ = {isa = PBXBuildFile; fileRef = DD58B38B1E6DEB9000EA1C3F /* LaunchScreen.storyboard */; };
		DD58B3B71E6DFCF800EA1C3F /* PhotoTableViewController.swift in Sources */ = {isa = PBXBuildFile; fileRef = DD58B3B61E6DFCF800EA1C3F /* PhotoTableViewController.swift */; };
		DD58B3B91E6E710D00EA1C3F /* Photo.swift in Sources */ = {isa = PBXBuildFile; fileRef = DD58B3B81E6E710D00EA1C3F /* Photo.swift */; };
/* End PBXBuildFile section */

/* Begin PBXFileReference section */
		DD58B37F1E6DEB9000EA1C3F /* TableView Using JSON.app */ = {isa = PBXFileReference; explicitFileType = wrapper.application; includeInIndex = 0; path = "TableView Using JSON.app"; sourceTree = BUILT_PRODUCTS_DIR; };
		DD58B3821E6DEB9000EA1C3F /* AppDelegate.swift */ = {isa = PBXFileReference; lastKnownFileType = sourcecode.swift; path = AppDelegate.swift; sourceTree = "<group>"; };
		DD58B3841E6DEB9000EA1C3F /* ViewController.swift */ = {isa = PBXFileReference; lastKnownFileType = sourcecode.swift; path = ViewController.swift; sourceTree = "<group>"; };
		DD58B3871E6DEB9000EA1C3F /* Base */ = {isa = PBXFileReference; lastKnownFileType = file.storyboard; name = Base; path = Base.lproj/Main.storyboard; sourceTree = "<group>"; };
		DD58B3891E6DEB9000EA1C3F /* Assets.xcassets */ = {isa = PBXFileReference; lastKnownFileType = folder.assetcatalog; path = Assets.xcassets; sourceTree = "<group>"; };
		DD58B38C1E6DEB9000EA1C3F /* Base */ = {isa = PBXFileReference; lastKnownFileType = file.storyboard; name = Base; path = Base.lproj/LaunchScreen.storyboard; sourceTree = "<group>"; };
		DD58B38E1E6DEB9000EA1C3F /* Info.plist */ = {isa = PBXFileReference; lastKnownFileType = text.plist.xml; path = Info.plist; sourceTree = "<group>"; };
		DD58B3B61E6DFCF800EA1C3F /* PhotoTableViewController.swift */ = {isa = PBXFileReference; fileEncoding = 4; lastKnownFileType = sourcecode.swift; path = PhotoTableViewController.swift; sourceTree = "<group>"; };
		DD58B3B81E6E710D00EA1C3F /* Photo.swift */ = {isa = PBXFileReference; fileEncoding = 4; lastKnownFileType = sourcecode.swift; path = Photo.swift; sourceTree = "<group>"; };
/* End PBXFileReference section */

/* Begin PBXFrameworksBuildPhase section */
		DD58B37C1E6DEB9000EA1C3F /* Frameworks */ = {
			isa = PBXFrameworksBuildPhase;
			buildActionMask = 2147483647;
			files = (
			);
			runOnlyForDeploymentPostprocessing = 0;
		};
/* End PBXFrameworksBuildPhase section */

/* Begin PBXGroup section */
		DD58B3761E6DEB9000EA1C3F = {
			isa = PBXGroup;
			children = (
				DD58B3811E6DEB9000EA1C3F /* TableView Using JSON */,
				DD58B3801E6DEB9000EA1C3F /* Products */,
			);
			sourceTree = "<group>";
		};
		DD58B3801E6DEB9000EA1C3F /* Products */ = {
			isa = PBXGroup;
			children = (
				DD58B37F1E6DEB9000EA1C3F /* TableView Using JSON.app */,
			);
			name = Products;
			sourceTree = "<group>";
		};
		DD58B3811E6DEB9000EA1C3F /* TableView Using JSON */ = {
			isa = PBXGroup;
			children = (
				DD58B3821E6DEB9000EA1C3F /* AppDelegate.swift */,
				DD58B3841E6DEB9000EA1C3F /* ViewController.swift */,
				DD58B3861E6DEB9000EA1C3F /* Main.storyboard */,
				DD58B3891E6DEB9000EA1C3F /* Assets.xcassets */,
				DD58B38B1E6DEB9000EA1C3F /* LaunchScreen.storyboard */,
				DD58B38E1E6DEB9000EA1C3F /* Info.plist */,
				DD58B3B61E6DFCF800EA1C3F /* PhotoTableViewController.swift */,
				DD58B3B81E6E710D00EA1C3F /* Photo.swift */,
			);
			path = "TableView Using JSON";
			sourceTree = "<group>";
		};
/* End PBXGroup section */

/* Begin PBXNativeTarget section */
		DD58B37E1E6DEB9000EA1C3F /* TableView Using JSON */ = {
			isa = PBXNativeTarget;
			buildConfigurationList = DD58B3911E6DEB9000EA1C3F /* Build configuration list for PBXNativeTarget "TableView Using JSON" */;
			buildPhases = (
				DD58B37B1E6DEB9000EA1C3F /* Sources */,
				DD58B37C1E6DEB9000EA1C3F /* Frameworks */,
				DD58B37D1E6DEB9000EA1C3F /* Resources */,
			);
			buildRules = (
			);
			dependencies = (
			);
			name = "TableView Using JSON";
			productName = "TableView Using JSON";
			productReference = DD58B37F1E6DEB9000EA1C3F /* TableView Using JSON.app */;
			productType = "com.apple.product-type.application";
		};
/* End PBXNativeTarget section */

/* Begin PBXProject section */
		DD58B3771E6DEB9000EA1C3F /* Project object */ = {
			isa = PBXProject;
			attributes = {
				LastSwiftUpdateCheck = 0810;
				LastUpgradeCheck = 0810;
				ORGANIZATIONNAME = Klas;
				TargetAttributes = {
					DD58B37E1E6DEB9000EA1C3F = {
						CreatedOnToolsVersion = 8.1;
						ProvisioningStyle = Automatic;
					};
				};
			};
			buildConfigurationList = DD58B37A1E6DEB9000EA1C3F /* Build configuration list for PBXProject "TableView Using JSON" */;
			compatibilityVersion = "Xcode 3.2";
			developmentRegion = English;
			hasScannedForEncodings = 0;
			knownRegions = (
				en,
				Base,
			);
			mainGroup = DD58B3761E6DEB9000EA1C3F;
			productRefGroup = DD58B3801E6DEB9000EA1C3F /* Products */;
			projectDirPath = "";
			projectRoot = "";
			targets = (
				DD58B37E1E6DEB9000EA1C3F /* TableView Using JSON */,
			);
		};
/* End PBXProject section */

/* Begin PBXResourcesBuildPhase section */
		DD58B37D1E6DEB9000EA1C3F /* Resources */ = {
			isa = PBXResourcesBuildPhase;
			buildActionMask = 2147483647;
			files = (
				DD58B38D1E6DEB9000EA1C3F /* LaunchScreen.storyboard in Resources */,
				DD58B38A1E6DEB9000EA1C3F /* Assets.xcassets in Resources */,
				DD58B3881E6DEB9000EA1C3F /* Main.storyboard in Resources */,
			);
			runOnlyForDeploymentPostprocessing = 0;
		};
/* End PBXResourcesBuildPhase section */

/* Begin PBXSourcesBuildPhase section */
		DD58B37B1E6DEB9000EA1C3F /* Sources */ = {
			isa = PBXSourcesBuildPhase;
			buildActionMask = 2147483647;
			files = (
				DD58B3B91E6E710D00EA1C3F /* Photo.swift in Sources */,
				DD58B3851E6DEB9000EA1C3F /* ViewController.swift in Sources */,
				DD58B3B71E6DFCF800EA1C3F /* PhotoTableViewController.swift in Sources */,
				DD58B3831E6DEB9000EA1C3F /* AppDelegate.swift in Sources */,
			);
			runOnlyForDeploymentPostprocessing = 0;
		};
/* End PBXSourcesBuildPhase section */

/* Begin PBXVariantGroup section */
		DD58B3861E6DEB9000EA1C3F /* Main.storyboard */ = {
			isa = PBXVariantGroup;
			children = (
				DD58B3871E6DEB9000EA1C3F /* Base */,
			);
			name = Main.storyboard;
			sourceTree = "<group>";
		};
		DD58B38B1E6DEB9000EA1C3F /* LaunchScreen.storyboard */ = {
			isa = PBXVariantGroup;
			children = (
				DD58B38C1E6DEB9000EA1C3F /* Base */,
			);
			name = LaunchScreen.storyboard;
			sourceTree = "<group>";
		};
/* End PBXVariantGroup section */

/* Begin XCBuildConfiguration section */
		DD58B38F1E6DEB9000EA1C3F /* Debug */ = {
			isa = XCBuildConfiguration;
			buildSettings = {
				ALWAYS_SEARCH_USER_PATHS = NO;
				CLANG_ANALYZER_NONNULL = YES;
				CLANG_CXX_LANGUAGE_STANDARD = "gnu++0x";
				CLANG_CXX_LIBRARY = "libc++";
				CLANG_ENABLE_MODULES = YES;
				CLANG_ENABLE_OBJC_ARC = YES;
				CLANG_WARN_BOOL_CONVERSION = YES;
				CLANG_WARN_CONSTANT_CONVERSION = YES;
				CLANG_WARN_DIRECT_OBJC_ISA_USAGE = YES_ERROR;
				CLANG_WARN_DOCUMENTATION_COMMENTS = YES;
				CLANG_WARN_EMPTY_BODY = YES;
				CLANG_WARN_ENUM_CONVERSION = YES;
				CLANG_WARN_INFINITE_RECURSION = YES;
				CLANG_WARN_INT_CONVERSION = YES;
				CLANG_WARN_OBJC_ROOT_CLASS = YES_ERROR;
				CLANG_WARN_SUSPICIOUS_MOVES = YES;
				CLANG_WARN_UNREACHABLE_CODE = YES;
				CLANG_WARN__DUPLICATE_METHOD_MATCH = YES;
				"CODE_SIGN_IDENTITY[sdk=iphoneos*]" = "iPhone Developer";
				COPY_PHASE_STRIP = NO;
				DEBUG_INFORMATION_FORMAT = dwarf;
				ENABLE_STRICT_OBJC_MSGSEND = YES;
				ENABLE_TESTABILITY = YES;
				GCC_C_LANGUAGE_STANDARD = gnu99;
				GCC_DYNAMIC_NO_PIC = NO;
				GCC_NO_COMMON_BLOCKS = YES;
				GCC_OPTIMIZATION_LEVEL = 0;
				GCC_PREPROCESSOR_DEFINITIONS = (
					"DEBUG=1",
					"$(inherited)",
				);
				GCC_WARN_64_TO_32_BIT_CONVERSION = YES;
				GCC_WARN_ABOUT_RETURN_TYPE = YES_ERROR;
				GCC_WARN_UNDECLARED_SELECTOR = YES;
				GCC_WARN_UNINITIALIZED_AUTOS = YES_AGGRESSIVE;
				GCC_WARN_UNUSED_FUNCTION = YES;
				GCC_WARN_UNUSED_VARIABLE = YES;
				IPHONEOS_DEPLOYMENT_TARGET = 10.1;
				MTL_ENABLE_DEBUG_INFO = YES;
				ONLY_ACTIVE_ARCH = YES;
				SDKROOT = iphoneos;
				SWIFT_ACTIVE_COMPILATION_CONDITIONS = DEBUG;
				SWIFT_OPTIMIZATION_LEVEL = "-Onone";
				TARGETED_DEVICE_FAMILY = "1,2";
			};
			name = Debug;
		};
		DD58B3901E6DEB9000EA1C3F /* Release */ = {
			isa = XCBuildConfiguration;
			buildSettings = {
				ALWAYS_SEARCH_USER_PATHS = NO;
				CLANG_ANALYZER_NONNULL = YES;
				CLANG_CXX_LANGUAGE_STANDARD = "gnu++0x";
				CLANG_CXX_LIBRARY = "libc++";
				CLANG_ENABLE_MODULES = YES;
				CLANG_ENABLE_OBJC_ARC = YES;
				CLANG_WARN_BOOL_CONVERSION = YES;
				CLANG_WARN_CONSTANT_CONVERSION = YES;
				CLANG_WARN_DIRECT_OBJC_ISA_USAGE = YES_ERROR;
				CLANG_WARN_DOCUMENTATION_COMMENTS = YES;
				CLANG_WARN_EMPTY_BODY = YES;
				CLANG_WARN_ENUM_CONVERSION = YES;
				CLANG_WARN_INFINITE_RECURSION = YES;
				CLANG_WARN_INT_CONVERSION = YES;
				CLANG_WARN_OBJC_ROOT_CLASS = YES_ERROR;
				CLANG_WARN_SUSPICIOUS_MOVES = YES;
				CLANG_WARN_UNREACHABLE_CODE = YES;
				CLANG_WARN__DUPLICATE_METHOD_MATCH = YES;
				"CODE_SIGN_IDENTITY[sdk=iphoneos*]" = "iPhone Developer";
				COPY_PHASE_STRIP = NO;
				DEBUG_INFORMATION_FORMAT = "dwarf-with-dsym";
				ENABLE_NS_ASSERTIONS = NO;
				ENABLE_STRICT_OBJC_MSGSEND = YES;
				GCC_C_LANGUAGE_STANDARD = gnu99;
				GCC_NO_COMMON_BLOCKS = YES;
				GCC_WARN_64_TO_32_BIT_CONVERSION = YES;
				GCC_WARN_ABOUT_RETURN_TYPE = YES_ERROR;
				GCC_WARN_UNDECLARED_SELECTOR = YES;
				GCC_WARN_UNINITIALIZED_AUTOS = YES_AGGRESSIVE;
				GCC_WARN_UNUSED_FUNCTION = YES;
				GCC_WARN_UNUSED_VARIABLE = YES;
				IPHONEOS_DEPLOYMENT_TARGET = 10.1;
				MTL_ENABLE_DEBUG_INFO = NO;
				SDKROOT = iphoneos;
				SWIFT_OPTIMIZATION_LEVEL = "-Owholemodule";
				TARGETED_DEVICE_FAMILY = "1,2";
				VALIDATE_PRODUCT = YES;
			};
			name = Release;
		};
		DD58B3921E6DEB9000EA1C3F /* Debug */ = {
			isa = XCBuildConfiguration;
			buildSettings = {
				ASSETCATALOG_COMPILER_APPICON_NAME = AppIcon;
				INFOPLIST_FILE = "TableView Using JSON/Info.plist";
				LD_RUNPATH_SEARCH_PATHS = "$(inherited) @executable_path/Frameworks";
				PRODUCT_BUNDLE_IDENTIFIER = "Klas.TableView-Using-JSON";
				PRODUCT_NAME = "$(TARGET_NAME)";
				SWIFT_VERSION = 3.0;
			};
			name = Debug;
		};
		DD58B3931E6DEB9000EA1C3F /* Release */ = {
			isa = XCBuildConfiguration;
			buildSettings = {
				ASSETCATALOG_COMPILER_APPICON_NAME = AppIcon;
				INFOPLIST_FILE = "TableView Using JSON/Info.plist";
				LD_RUNPATH_SEARCH_PATHS = "$(inherited) @executable_path/Frameworks";
				PRODUCT_BUNDLE_IDENTIFIER = "Klas.TableView-Using-JSON";
				PRODUCT_NAME = "$(TARGET_NAME)";
				SWIFT_VERSION = 3.0;
			};
			name = Release;
		};
/* End XCBuildConfiguration section */

/* Begin XCConfigurationList section */
		DD58B37A1E6DEB9000EA1C3F /* Build configuration list for PBXProject "TableView Using JSON" */ = {
			isa = XCConfigurationList;
			buildConfigurations = (
				DD58B38F1E6DEB9000EA1C3F /* Debug */,
				DD58B3901E6DEB9000EA1C3F /* Release */,
			);
			defaultConfigurationIsVisible = 0;
			defaultConfigurationName = Release;
		};
		DD58B3911E6DEB9000EA1C3F /* Build configuration list for PBXNativeTarget "TableView Using JSON" */ = {
			isa = XCConfigurationList;
			buildConfigurations = (
				DD58B3921E6DEB9000EA1C3F /* Debug */,
				DD58B3931E6DEB9000EA1C3F /* Release */,
			);
			defaultConfigurationIsVisible = 0;
			defaultConfigurationName = Release;
		};
/* End XCConfigurationList section */
	};
	rootObject = DD58B3771E6DEB9000EA1C3F /* Project object */;
}
